
Microsoft Visual Studio Solution File, Format Version 12.00
# Visual Studio Version 17
VisualStudioVersion = 17.13.35931.197 d17.13
MinimumVisualStudioVersion = 10.0.40219.1
Project("{F184B08F-C81C-45F6-A57F-5ABD9991F28F}") = "SCyGT_2025II_Ibarra_Perez", "SCyGT_2025II_Ibarra_Perez\SCyGT_2025II_Ibarra_Perez.vbproj", "{A04C99AF-4C28-417B-85F5-9EBB913A3A28}"
EndProject
Global
	GlobalSection(SolutionConfigurationPlatforms) = preSolution
		Debug|Any CPU = Debug|Any CPU
		Release|Any CPU = Release|Any CPU
	EndGlobalSection
	GlobalSection(ProjectConfigurationPlatforms) = postSolution
		{A04C99AF-4C28-417B-85F5-9EBB913A3A28}.Debug|Any CPU.ActiveCfg = Debug|Any CPU
		{A04C99AF-4C28-417B-85F5-9EBB913A3A28}.Debug|Any CPU.Build.0 = Debug|Any CPU
		{A04C99AF-4C28-417B-85F5-9EBB913A3A28}.Release|Any CPU.ActiveCfg = Release|Any CPU
		{A04C99AF-4C28-417B-85F5-9EBB913A3A28}.Release|Any CPU.Build.0 = Release|Any CPU
	EndGlobalSection
	GlobalSection(SolutionProperties) = preSolution
		HideSolutionNode = FALSE
	EndGlobalSection
	GlobalSection(ExtensibilityGlobals) = postSolution
		SolutionGuid = {DE3F8A0F-837A-4101-B05B-364E882FEDD9}
	EndGlobalSection
EndGlobal
